
Microsoft Visual Studio Solution File, Format Version 12.00
# Visual Studio Version 16
VisualStudioVersion = 16.0.29201.188
MinimumVisualStudioVersion = 10.0.40219.1
Project("{FAE04EC0-301F-11D3-BF4B-00C04F79EFBC}") = "Movie.Api", "Movie.Api\Movie.Api.csproj", "{0B07FC50-35EB-4434-A480-7626661FFA83}"
EndProject
Global
	GlobalSection(SolutionConfigurationPlatforms) = preSolution
		Debug|Any CPU = Debug|Any CPU
		Release|Any CPU = Release|Any CPU
	EndGlobalSection
	GlobalSection(ProjectConfigurationPlatforms) = postSolution
		{0B07FC50-35EB-4434-A480-7626661FFA83}.Debug|Any CPU.ActiveCfg = Debug|Any CPU
		{0B07FC50-35EB-4434-A480-7626661FFA83}.Debug|Any CPU.Build.0 = Debug|Any CPU
		{0B07FC50-35EB-4434-A480-7626661FFA83}.Release|Any CPU.ActiveCfg = Release|Any CPU
		{0B07FC50-35EB-4434-A480-7626661FFA83}.Release|Any CPU.Build.0 = Release|Any CPU
	EndGlobalSection
	GlobalSection(SolutionProperties) = preSolution
		HideSolutionNode = FALSE
	EndGlobalSection
	GlobalSection(ExtensibilityGlobals) = postSolution
		SolutionGuid = {F41CAA8C-B120-4206-B48D-A0AD6E0E54BA}
	EndGlobalSection
EndGlobal
